
Microsoft Visual Studio Solution File, Format Version 12.00
# Visual Studio Version 17
VisualStudioVersion = 17.14.36623.8
MinimumVisualStudioVersion = 10.0.40219.1
Project("{FAE04EC0-301F-11D3-BF4B-00C04F79EFBC}") = "PRN232.TreeShop.API", "PRN232.TreeShop.API\PRN232.TreeShop.API.csproj", "{E62D004F-6210-4E05-BDF0-D0EC5E8F6835}"
EndProject
Project("{FAE04EC0-301F-11D3-BF4B-00C04F79EFBC}") = "PRN232.TreeShop.Services", "PRN232.TreeShop.Services\PRN232.TreeShop.Services.csproj", "{C6C2C460-6D61-47F1-A3A1-22C5837F35E0}"
EndProject
Project("{FAE04EC0-301F-11D3-BF4B-00C04F79EFBC}") = "PRN232.TreeShop.Repo", "PRN232.TreeShop.Repo\PRN232.TreeShop.Repo.csproj", "{93D2438A-4029-4778-92B5-F6A1DB013EBE}"
EndProject
Global
	GlobalSection(SolutionConfigurationPlatforms) = preSolution
		Debug|Any CPU = Debug|Any CPU
		Release|Any CPU = Release|Any CPU
	EndGlobalSection
	GlobalSection(ProjectConfigurationPlatforms) = postSolution
		{E62D004F-6210-4E05-BDF0-D0EC5E8F6835}.Debug|Any CPU.ActiveCfg = Debug|Any CPU
		{E62D004F-6210-4E05-BDF0-D0EC5E8F6835}.Debug|Any CPU.Build.0 = Debug|Any CPU
		{E62D004F-6210-4E05-BDF0-D0EC5E8F6835}.Release|Any CPU.ActiveCfg = Release|Any CPU
		{E62D004F-6210-4E05-BDF0-D0EC5E8F6835}.Release|Any CPU.Build.0 = Release|Any CPU
		{C6C2C460-6D61-47F1-A3A1-22C5837F35E0}.Debug|Any CPU.ActiveCfg = Debug|Any CPU
		{C6C2C460-6D61-47F1-A3A1-22C5837F35E0}.Debug|Any CPU.Build.0 = Debug|Any CPU
		{C6C2C460-6D61-47F1-A3A1-22C5837F35E0}.Release|Any CPU.ActiveCfg = Release|Any CPU
		{C6C2C460-6D61-47F1-A3A1-22C5837F35E0}.Release|Any CPU.Build.0 = Release|Any CPU
		{93D2438A-4029-4778-92B5-F6A1DB013EBE}.Debug|Any CPU.ActiveCfg = Debug|Any CPU
		{93D2438A-4029-4778-92B5-F6A1DB013EBE}.Debug|Any CPU.Build.0 = Debug|Any CPU
		{93D2438A-4029-4778-92B5-F6A1DB013EBE}.Release|Any CPU.ActiveCfg = Release|Any CPU
		{93D2438A-4029-4778-92B5-F6A1DB013EBE}.Release|Any CPU.Build.0 = Release|Any CPU
	EndGlobalSection
	GlobalSection(SolutionProperties) = preSolution
		HideSolutionNode = FALSE
	EndGlobalSection
	GlobalSection(ExtensibilityGlobals) = postSolution
		SolutionGuid = {0EB91922-BB7E-4794-902D-AADE1BFDD05F}
	EndGlobalSection
EndGlobal
